
Microsoft Visual Studio Solution File, Format Version 12.00
# Visual Studio 15
VisualStudioVersion = 15.0.28010.2003
MinimumVisualStudioVersion = 10.0.40219.1
Project("{8BC9CEB8-8B4A-11D0-8D11-00A0C91BC942}") = "Perseus", "Perseus.vcxproj", "{F022B4E1-B2DD-49DC-991F-9B499555051D}"
EndProject
Global
	GlobalSection(SolutionConfigurationPlatforms) = preSolution
		Debug|x64 = Debug|x64
		Debug|x86 = Debug|x86
		Executable Debug|x64 = Executable Debug|x64
		Executable Debug|x86 = Executable Debug|x86
		Executable Release|x64 = Executable Release|x64
		Executable Release|x86 = Executable Release|x86
		Release|x64 = Release|x64
		Release|x86 = Release|x86
	EndGlobalSection
	GlobalSection(ProjectConfigurationPlatforms) = postSolution
		{F022B4E1-B2DD-49DC-991F-9B499555051D}.Debug|x64.ActiveCfg = Debug|x64
		{F022B4E1-B2DD-49DC-991F-9B499555051D}.Debug|x64.Build.0 = Debug|x64
		{F022B4E1-B2DD-49DC-991F-9B499555051D}.Debug|x86.ActiveCfg = Debug|Win32
		{F022B4E1-B2DD-49DC-991F-9B499555051D}.Debug|x86.Build.0 = Debug|Win32
		{F022B4E1-B2DD-49DC-991F-9B499555051D}.Executable Debug|x64.ActiveCfg = Executable Debug|x64
		{F022B4E1-B2DD-49DC-991F-9B499555051D}.Executable Debug|x64.Build.0 = Executable Debug|x64
		{F022B4E1-B2DD-49DC-991F-9B499555051D}.Executable Debug|x86.ActiveCfg = Executable Debug|Win32
		{F022B4E1-B2DD-49DC-991F-9B499555051D}.Executable Debug|x86.Build.0 = Executable Debug|Win32
		{F022B4E1-B2DD-49DC-991F-9B499555051D}.Executable Release|x64.ActiveCfg = Executable Debug|x64
		{F022B4E1-B2DD-49DC-991F-9B499555051D}.Executable Release|x64.Build.0 = Executable Debug|x64
		{F022B4E1-B2DD-49DC-991F-9B499555051D}.Executable Release|x86.ActiveCfg = Executable Release|Win32
		{F022B4E1-B2DD-49DC-991F-9B499555051D}.Executable Release|x86.Build.0 = Executable Release|Win32
		{F022B4E1-B2DD-49DC-991F-9B499555051D}.Release|x64.ActiveCfg = Release|x64
		{F022B4E1-B2DD-49DC-991F-9B499555051D}.Release|x64.Build.0 = Release|x64
		{F022B4E1-B2DD-49DC-991F-9B499555051D}.Release|x86.ActiveCfg = Release|Win32
		{F022B4E1-B2DD-49DC-991F-9B499555051D}.Release|x86.Build.0 = Release|Win32
	EndGlobalSection
	GlobalSection(SolutionProperties) = preSolution
		HideSolutionNode = FALSE
	EndGlobalSection
	GlobalSection(ExtensibilityGlobals) = postSolution
		SolutionGuid = {40471EB5-4849-46AC-B82E-52A547558B7D}
	EndGlobalSection
EndGlobal
